
Microsoft Visual Studio Solution File, Format Version 12.00
# Visual Studio Version 16
VisualStudioVersion = 16.0.32002.261
MinimumVisualStudioVersion = 10.0.40219.1
Project("{FAE04EC0-301F-11D3-BF4B-00C04F79EFBC}") = "cFPTest", "cFPTest\cFPTest.csproj", "{1B8687B6-D0A4-4876-B649-D4AE052D3A31}"
EndProject
Global
	GlobalSection(SolutionConfigurationPlatforms) = preSolution
		Debug|Any CPU = Debug|Any CPU
		Release|Any CPU = Release|Any CPU
	EndGlobalSection
	GlobalSection(ProjectConfigurationPlatforms) = postSolution
		{1B8687B6-D0A4-4876-B649-D4AE052D3A31}.Debug|Any CPU.ActiveCfg = Debug|Any CPU
		{1B8687B6-D0A4-4876-B649-D4AE052D3A31}.Debug|Any CPU.Build.0 = Debug|Any CPU
		{1B8687B6-D0A4-4876-B649-D4AE052D3A31}.Release|Any CPU.ActiveCfg = Release|Any CPU
		{1B8687B6-D0A4-4876-B649-D4AE052D3A31}.Release|Any CPU.Build.0 = Release|Any CPU
	EndGlobalSection
	GlobalSection(SolutionProperties) = preSolution
		HideSolutionNode = FALSE
	EndGlobalSection
	GlobalSection(ExtensibilityGlobals) = postSolution
		SolutionGuid = {91E32D43-5D89-4B6A-BBD1-6249EC15F38E}
	EndGlobalSection
EndGlobal
